
Microsoft Visual Studio Solution File, Format Version 12.00
# Visual Studio Version 17
VisualStudioVersion = 17.3.32922.545
MinimumVisualStudioVersion = 10.0.40219.1
Project("{FAE04EC0-301F-11D3-BF4B-00C04F79EFBC}") = "Examen1_JosueMElgar.Android", "Examen1_JosueMElgar\Examen1_JosueMElgar.Android\Examen1_JosueMElgar.Android.csproj", "{A3BE0A33-A2E5-494B-8FDC-CBEF43AE5FDA}"
EndProject
Project("{FAE04EC0-301F-11D3-BF4B-00C04F79EFBC}") = "Examen1_JosueMElgar", "Examen1_JosueMElgar\Examen1_JosueMElgar\Examen1_JosueMElgar.csproj", "{ED8888F5-1058-4143-9A3E-0623BE59F859}"
EndProject
Global
	GlobalSection(SolutionConfigurationPlatforms) = preSolution
		Debug|Any CPU = Debug|Any CPU
		Release|Any CPU = Release|Any CPU
	EndGlobalSection
	GlobalSection(ProjectConfigurationPlatforms) = postSolution
		{A3BE0A33-A2E5-494B-8FDC-CBEF43AE5FDA}.Debug|Any CPU.ActiveCfg = Debug|Any CPU
		{A3BE0A33-A2E5-494B-8FDC-CBEF43AE5FDA}.Debug|Any CPU.Build.0 = Debug|Any CPU
		{A3BE0A33-A2E5-494B-8FDC-CBEF43AE5FDA}.Debug|Any CPU.Deploy.0 = Debug|Any CPU
		{A3BE0A33-A2E5-494B-8FDC-CBEF43AE5FDA}.Release|Any CPU.ActiveCfg = Release|Any CPU
		{A3BE0A33-A2E5-494B-8FDC-CBEF43AE5FDA}.Release|Any CPU.Build.0 = Release|Any CPU
		{A3BE0A33-A2E5-494B-8FDC-CBEF43AE5FDA}.Release|Any CPU.Deploy.0 = Release|Any CPU
		{ED8888F5-1058-4143-9A3E-0623BE59F859}.Debug|Any CPU.ActiveCfg = Debug|Any CPU
		{ED8888F5-1058-4143-9A3E-0623BE59F859}.Debug|Any CPU.Build.0 = Debug|Any CPU
		{ED8888F5-1058-4143-9A3E-0623BE59F859}.Debug|Any CPU.Deploy.0 = Debug|Any CPU
		{ED8888F5-1058-4143-9A3E-0623BE59F859}.Release|Any CPU.ActiveCfg = Release|Any CPU
		{ED8888F5-1058-4143-9A3E-0623BE59F859}.Release|Any CPU.Build.0 = Release|Any CPU
		{ED8888F5-1058-4143-9A3E-0623BE59F859}.Release|Any CPU.Deploy.0 = Release|Any CPU
	EndGlobalSection
	GlobalSection(SolutionProperties) = preSolution
		HideSolutionNode = FALSE
	EndGlobalSection
	GlobalSection(ExtensibilityGlobals) = postSolution
		SolutionGuid = {0E4FDEE5-A951-4DD0-B44C-AD009CA1F1AE}
	EndGlobalSection
EndGlobal
